
Microsoft Visual Studio Solution File, Format Version 12.00
# Visual Studio Version 16
VisualStudioVersion = 16.0.29215.179
MinimumVisualStudioVersion = 10.0.40219.1
Project("{FAE04EC0-301F-11D3-BF4B-00C04F79EFBC}") = "hw601315_SD1", "hw601315_SD1.csproj", "{89759C51-6CBE-4946-B1AD-D8239737DB69}"
EndProject
Global
	GlobalSection(SolutionConfigurationPlatforms) = preSolution
		Debug|Any CPU = Debug|Any CPU
		Release|Any CPU = Release|Any CPU
	EndGlobalSection
	GlobalSection(ProjectConfigurationPlatforms) = postSolution
		{89759C51-6CBE-4946-B1AD-D8239737DB69}.Debug|Any CPU.ActiveCfg = Debug|Any CPU
		{89759C51-6CBE-4946-B1AD-D8239737DB69}.Debug|Any CPU.Build.0 = Debug|Any CPU
		{89759C51-6CBE-4946-B1AD-D8239737DB69}.Release|Any CPU.ActiveCfg = Release|Any CPU
		{89759C51-6CBE-4946-B1AD-D8239737DB69}.Release|Any CPU.Build.0 = Release|Any CPU
	EndGlobalSection
	GlobalSection(SolutionProperties) = preSolution
		HideSolutionNode = FALSE
	EndGlobalSection
	GlobalSection(ExtensibilityGlobals) = postSolution
		SolutionGuid = {EC486301-5D1E-46DC-8E91-225EA3CF00A9}
	EndGlobalSection
EndGlobal
